// !$*UTF8*$!
{
	archiveVersion = 1;
	classes = {
	};
	objectVersion = 46;
	objects = {

/* Begin PBXBuildFile section */
		BF5F35E91B71BCF300D7407B /* AppDelegate.swift in Sources */ = {isa = PBXBuildFile; fileRef = BF5F35E81B71BCF300D7407B /* AppDelegate.swift */; };
		BF5F35EC1B71BCF300D7407B /* _____.xcdatamodeld in Sources */ = {isa = PBXBuildFile; fileRef = BF5F35EA1B71BCF300D7407B /* _____.xcdatamodeld */; };
		BF5F35EE1B71BCF300D7407B /* ViewController.swift in Sources */ = {isa = PBXBuildFile; fileRef = BF5F35ED1B71BCF300D7407B /* ViewController.swift */; };
		BF5F35F11B71BCF300D7407B /* Main.storyboard in Resources */ = {isa = PBXBuildFile; fileRef = BF5F35EF1B71BCF300D7407B /* Main.storyboard */; };
		BF5F35F31B71BCF300D7407B /* Images.xcassets in Resources */ = {isa = PBXBuildFile; fileRef = BF5F35F21B71BCF300D7407B /* Images.xcassets */; };
		BF5F35F61B71BCF300D7407B /* LaunchScreen.xib in Resources */ = {isa = PBXBuildFile; fileRef = BF5F35F41B71BCF300D7407B /* LaunchScreen.xib */; };
		BF5F36021B71BCF300D7407B /* _____Tests.swift in Sources */ = {isa = PBXBuildFile; fileRef = BF5F36011B71BCF300D7407B /* _____Tests.swift */; };
/* End PBXBuildFile section */

/* Begin PBXContainerItemProxy section */
		BF5F35FC1B71BCF300D7407B /* PBXContainerItemProxy */ = {
			isa = PBXContainerItemProxy;
			containerPortal = BF5F35DB1B71BCF300D7407B /* Project object */;
			proxyType = 1;
			remoteGlobalIDString = BF5F35E21B71BCF300D7407B;
			remoteInfo = "眼力记忆力";
		};
/* End PBXContainerItemProxy section */

/* Begin PBXFileReference section */
		BF5F35E31B71BCF300D7407B /* 眼力记忆力.app */ = {isa = PBXFileReference; explicitFileType = wrapper.application; includeInIndex = 0; path = "眼力记忆力.app"; sourceTree = BUILT_PRODUCTS_DIR; };
		BF5F35E71B71BCF300D7407B /* Info.plist */ = {isa = PBXFileReference; lastKnownFileType = text.plist.xml; path = Info.plist; sourceTree = "<group>"; };
		BF5F35E81B71BCF300D7407B /* AppDelegate.swift */ = {isa = PBXFileReference; lastKnownFileType = sourcecode.swift; path = AppDelegate.swift; sourceTree = "<group>"; };
		BF5F35EB1B71BCF300D7407B /* _____.xcdatamodel */ = {isa = PBXFileReference; lastKnownFileType = wrapper.xcdatamodel; path = "_____.xcdatamodel"; sourceTree = "<group>"; };
		BF5F35ED1B71BCF300D7407B /* ViewController.swift */ = {isa = PBXFileReference; lastKnownFileType = sourcecode.swift; path = ViewController.swift; sourceTree = "<group>"; };
		BF5F35F01B71BCF300D7407B /* Base */ = {isa = PBXFileReference; lastKnownFileType = file.storyboard; name = Base; path = Base.lproj/Main.storyboard; sourceTree = "<group>"; };
		BF5F35F21B71BCF300D7407B /* Images.xcassets */ = {isa = PBXFileReference; lastKnownFileType = folder.assetcatalog; path = Images.xcassets; sourceTree = "<group>"; };
		BF5F35F51B71BCF300D7407B /* Base */ = {isa = PBXFileReference; lastKnownFileType = file.xib; name = Base; path = Base.lproj/LaunchScreen.xib; sourceTree = "<group>"; };
		BF5F35FB1B71BCF300D7407B /* 眼力记忆力Tests.xctest */ = {isa = PBXFileReference; explicitFileType = wrapper.cfbundle; includeInIndex = 0; path = "眼力记忆力Tests.xctest"; sourceTree = BUILT_PRODUCTS_DIR; };
		BF5F36001B71BCF300D7407B /* Info.plist */ = {isa = PBXFileReference; lastKnownFileType = text.plist.xml; path = Info.plist; sourceTree = "<group>"; };
		BF5F36011B71BCF300D7407B /* _____Tests.swift */ = {isa = PBXFileReference; lastKnownFileType = sourcecode.swift; path = "_____Tests.swift"; sourceTree = "<group>"; };
/* End PBXFileReference section */

/* Begin PBXFrameworksBuildPhase section */
		BF5F35E01B71BCF300D7407B /* Frameworks */ = {
			isa = PBXFrameworksBuildPhase;
			buildActionMask = 2147483647;
			files = (
			);
			runOnlyForDeploymentPostprocessing = 0;
		};
		BF5F35F81B71BCF300D7407B /* Frameworks */ = {
			isa = PBXFrameworksBuildPhase;
			buildActionMask = 2147483647;
			files = (
			);
			runOnlyForDeploymentPostprocessing = 0;
		};
/* End PBXFrameworksBuildPhase section */

/* Begin PBXGroup section */
		BF5F35DA1B71BCF300D7407B = {
			isa = PBXGroup;
			children = (
				BF5F35E51B71BCF300D7407B /* 眼力记忆力 */,
				BF5F35FE1B71BCF300D7407B /* 眼力记忆力Tests */,
				BF5F35E41B71BCF300D7407B /* Products */,
			);
			sourceTree = "<group>";
		};
		BF5F35E41B71BCF300D7407B /* Products */ = {
			isa = PBXGroup;
			children = (
				BF5F35E31B71BCF300D7407B /* 眼力记忆力.app */,
				BF5F35FB1B71BCF300D7407B /* 眼力记忆力Tests.xctest */,
			);
			name = Products;
			sourceTree = "<group>";
		};
		BF5F35E51B71BCF300D7407B /* 眼力记忆力 */ = {
			isa = PBXGroup;
			children = (
				BF5F35E81B71BCF300D7407B /* AppDelegate.swift */,
				BF5F35ED1B71BCF300D7407B /* ViewController.swift */,
				BF5F35EF1B71BCF300D7407B /* Main.storyboard */,
				BF5F35F21B71BCF300D7407B /* Images.xcassets */,
				BF5F35F41B71BCF300D7407B /* LaunchScreen.xib */,
				BF5F35EA1B71BCF300D7407B /* _____.xcdatamodeld */,
				BF5F35E61B71BCF300D7407B /* Supporting Files */,
			);
			path = "眼力记忆力";
			sourceTree = "<group>";
		};
		BF5F35E61B71BCF300D7407B /* Supporting Files */ = {
			isa = PBXGroup;
			children = (
				BF5F35E71B71BCF300D7407B /* Info.plist */,
			);
			name = "Supporting Files";
			sourceTree = "<group>";
		};
		BF5F35FE1B71BCF300D7407B /* 眼力记忆力Tests */ = {
			isa = PBXGroup;
			children = (
				BF5F36011B71BCF300D7407B /* _____Tests.swift */,
				BF5F35FF1B71BCF300D7407B /* Supporting Files */,
			);
			path = "眼力记忆力Tests";
			sourceTree = "<group>";
		};
		BF5F35FF1B71BCF300D7407B /* Supporting Files */ = {
			isa = PBXGroup;
			children = (
				BF5F36001B71BCF300D7407B /* Info.plist */,
			);
			name = "Supporting Files";
			sourceTree = "<group>";
		};
/* End PBXGroup section */

/* Begin PBXNativeTarget section */
		BF5F35E21B71BCF300D7407B /* 眼力记忆力 */ = {
			isa = PBXNativeTarget;
			buildConfigurationList = BF5F36051B71BCF300D7407B /* Build configuration list for PBXNativeTarget "眼力记忆力" */;
			buildPhases = (
				BF5F35DF1B71BCF300D7407B /* Sources */,
				BF5F35E01B71BCF300D7407B /* Frameworks */,
				BF5F35E11B71BCF300D7407B /* Resources */,
			);
			buildRules = (
			);
			dependencies = (
			);
			name = "眼力记忆力";
			productName = "眼力记忆力";
			productReference = BF5F35E31B71BCF300D7407B /* 眼力记忆力.app */;
			productType = "com.apple.product-type.application";
		};
		BF5F35FA1B71BCF300D7407B /* 眼力记忆力Tests */ = {
			isa = PBXNativeTarget;
			buildConfigurationList = BF5F36081B71BCF300D7407B /* Build configuration list for PBXNativeTarget "眼力记忆力Tests" */;
			buildPhases = (
				BF5F35F71B71BCF300D7407B /* Sources */,
				BF5F35F81B71BCF300D7407B /* Frameworks */,
				BF5F35F91B71BCF300D7407B /* Resources */,
			);
			buildRules = (
			);
			dependencies = (
				BF5F35FD1B71BCF300D7407B /* PBXTargetDependency */,
			);
			name = "眼力记忆力Tests";
			productName = "眼力记忆力Tests";
			productReference = BF5F35FB1B71BCF300D7407B /* 眼力记忆力Tests.xctest */;
			productType = "com.apple.product-type.bundle.unit-test";
		};
/* End PBXNativeTarget section */

/* Begin PBXProject section */
		BF5F35DB1B71BCF300D7407B /* Project object */ = {
			isa = PBXProject;
			attributes = {
				LastUpgradeCheck = 0640;
				ORGANIZATIONNAME = mzc;
				TargetAttributes = {
					BF5F35E21B71BCF300D7407B = {
						CreatedOnToolsVersion = 6.4;
					};
					BF5F35FA1B71BCF300D7407B = {
						CreatedOnToolsVersion = 6.4;
						TestTargetID = BF5F35E21B71BCF300D7407B;
					};
				};
			};
			buildConfigurationList = BF5F35DE1B71BCF300D7407B /* Build configuration list for PBXProject "眼力记忆力" */;
			compatibilityVersion = "Xcode 3.2";
			developmentRegion = English;
			hasScannedForEncodings = 0;
			knownRegions = (
				en,
				Base,
			);
			mainGroup = BF5F35DA1B71BCF300D7407B;
			productRefGroup = BF5F35E41B71BCF300D7407B /* Products */;
			projectDirPath = "";
			projectRoot = "";
			targets = (
				BF5F35E21B71BCF300D7407B /* 眼力记忆力 */,
				BF5F35FA1B71BCF300D7407B /* 眼力记忆力Tests */,
			);
		};
/* End PBXProject section */

/* Begin PBXResourcesBuildPhase section */
		BF5F35E11B71BCF300D7407B /* Resources */ = {
			isa = PBXResourcesBuildPhase;
			buildActionMask = 2147483647;
			files = (
				BF5F35F11B71BCF300D7407B /* Main.storyboard in Resources */,
				BF5F35F61B71BCF300D7407B /* LaunchScreen.xib in Resources */,
				BF5F35F31B71BCF300D7407B /* Images.xcassets in Resources */,
			);
			runOnlyForDeploymentPostprocessing = 0;
		};
		BF5F35F91B71BCF300D7407B /* Resources */ = {
			isa = PBXResourcesBuildPhase;
			buildActionMask = 2147483647;
			files = (
			);
			runOnlyForDeploymentPostprocessing = 0;
		};
/* End PBXResourcesBuildPhase section */

/* Begin PBXSourcesBuildPhase section */
		BF5F35DF1B71BCF300D7407B /* Sources */ = {
			isa = PBXSourcesBuildPhase;
			buildActionMask = 2147483647;
			files = (
				BF5F35EE1B71BCF300D7407B /* ViewController.swift in Sources */,
				BF5F35E91B71BCF300D7407B /* AppDelegate.swift in Sources */,
				BF5F35EC1B71BCF300D7407B /* _____.xcdatamodeld in Sources */,
			);
			runOnlyForDeploymentPostprocessing = 0;
		};
		BF5F35F71B71BCF300D7407B /* Sources */ = {
			isa = PBXSourcesBuildPhase;
			buildActionMask = 2147483647;
			files = (
				BF5F36021B71BCF300D7407B /* _____Tests.swift in Sources */,
			);
			runOnlyForDeploymentPostprocessing = 0;
		};
/* End PBXSourcesBuildPhase section */

/* Begin PBXTargetDependency section */
		BF5F35FD1B71BCF300D7407B /* PBXTargetDependency */ = {
			isa = PBXTargetDependency;
			target = BF5F35E21B71BCF300D7407B /* 眼力记忆力 */;
			targetProxy = BF5F35FC1B71BCF300D7407B /* PBXContainerItemProxy */;
		};
/* End PBXTargetDependency section */

/* Begin PBXVariantGroup section */
		BF5F35EF1B71BCF300D7407B /* Main.storyboard */ = {
			isa = PBXVariantGroup;
			children = (
				BF5F35F01B71BCF300D7407B /* Base */,
			);
			name = Main.storyboard;
			sourceTree = "<group>";
		};
		BF5F35F41B71BCF300D7407B /* LaunchScreen.xib */ = {
			isa = PBXVariantGroup;
			children = (
				BF5F35F51B71BCF300D7407B /* Base */,
			);
			name = LaunchScreen.xib;
			sourceTree = "<group>";
		};
/* End PBXVariantGroup section */

/* Begin XCBuildConfiguration section */
		BF5F36031B71BCF300D7407B /* Debug */ = {
			isa = XCBuildConfiguration;
			buildSettings = {
				ALWAYS_SEARCH_USER_PATHS = NO;
				CLANG_CXX_LANGUAGE_STANDARD = "gnu++0x";
				CLANG_CXX_LIBRARY = "libc++";
				CLANG_ENABLE_MODULES = YES;
				CLANG_ENABLE_OBJC_ARC = YES;
				CLANG_WARN_BOOL_CONVERSION = YES;
				CLANG_WARN_CONSTANT_CONVERSION = YES;
				CLANG_WARN_DIRECT_OBJC_ISA_USAGE = YES_ERROR;
				CLANG_WARN_EMPTY_BODY = YES;
				CLANG_WARN_ENUM_CONVERSION = YES;
				CLANG_WARN_INT_CONVERSION = YES;
				CLANG_WARN_OBJC_ROOT_CLASS = YES_ERROR;
				CLANG_WARN_UNREACHABLE_CODE = YES;
				CLANG_WARN__DUPLICATE_METHOD_MATCH = YES;
				"CODE_SIGN_IDENTITY[sdk=iphoneos*]" = "iPhone Developer";
				COPY_PHASE_STRIP = NO;
				DEBUG_INFORMATION_FORMAT = "dwarf-with-dsym";
				ENABLE_STRICT_OBJC_MSGSEND = YES;
				GCC_C_LANGUAGE_STANDARD = gnu99;
				GCC_DYNAMIC_NO_PIC = NO;
				GCC_NO_COMMON_BLOCKS = YES;
				GCC_OPTIMIZATION_LEVEL = 0;
				GCC_PREPROCESSOR_DEFINITIONS = (
					"DEBUG=1",
					"$(inherited)",
				);
				GCC_SYMBOLS_PRIVATE_EXTERN = NO;
				GCC_WARN_64_TO_32_BIT_CONVERSION = YES;
				GCC_WARN_ABOUT_RETURN_TYPE = YES_ERROR;
				GCC_WARN_UNDECLARED_SELECTOR = YES;
				GCC_WARN_UNINITIALIZED_AUTOS = YES_AGGRESSIVE;
				GCC_WARN_UNUSED_FUNCTION = YES;
				GCC_WARN_UNUSED_VARIABLE = YES;
				IPHONEOS_DEPLOYMENT_TARGET = 8.4;
				MTL_ENABLE_DEBUG_INFO = YES;
				ONLY_ACTIVE_ARCH = YES;
				SDKROOT = iphoneos;
				SWIFT_OPTIMIZATION_LEVEL = "-Onone";
			};
			name = Debug;
		};
		BF5F36041B71BCF300D7407B /* Release */ = {
			isa = XCBuildConfiguration;
			buildSettings = {
				ALWAYS_SEARCH_USER_PATHS = NO;
				CLANG_CXX_LANGUAGE_STANDARD = "gnu++0x";
				CLANG_CXX_LIBRARY = "libc++";
				CLANG_ENABLE_MODULES = YES;
				CLANG_ENABLE_OBJC_ARC = YES;
				CLANG_WARN_BOOL_CONVERSION = YES;
				CLANG_WARN_CONSTANT_CONVERSION = YES;
				CLANG_WARN_DIRECT_OBJC_ISA_USAGE = YES_ERROR;
				CLANG_WARN_EMPTY_BODY = YES;
				CLANG_WARN_ENUM_CONVERSION = YES;
				CLANG_WARN_INT_CONVERSION = YES;
				CLANG_WARN_OBJC_ROOT_CLASS = YES_ERROR;
				CLANG_WARN_UNREACHABLE_CODE = YES;
				CLANG_WARN__DUPLICATE_METHOD_MATCH = YES;
				"CODE_SIGN_IDENTITY[sdk=iphoneos*]" = "iPhone Developer";
				COPY_PHASE_STRIP = NO;
				DEBUG_INFORMATION_FORMAT = "dwarf-with-dsym";
				ENABLE_NS_ASSERTIONS = NO;
				ENABLE_STRICT_OBJC_MSGSEND = YES;
				GCC_C_LANGUAGE_STANDARD = gnu99;
				GCC_NO_COMMON_BLOCKS = YES;
				GCC_WARN_64_TO_32_BIT_CONVERSION = YES;
				GCC_WARN_ABOUT_RETURN_TYPE = YES_ERROR;
				GCC_WARN_UNDECLARED_SELECTOR = YES;
				GCC_WARN_UNINITIALIZED_AUTOS = YES_AGGRESSIVE;
				GCC_WARN_UNUSED_FUNCTION = YES;
				GCC_WARN_UNUSED_VARIABLE = YES;
				IPHONEOS_DEPLOYMENT_TARGET = 8.4;
				MTL_ENABLE_DEBUG_INFO = NO;
				SDKROOT = iphoneos;
				VALIDATE_PRODUCT = YES;
			};
			name = Release;
		};
		BF5F36061B71BCF300D7407B /* Debug */ = {
			isa = XCBuildConfiguration;
			buildSettings = {
				ASSETCATALOG_COMPILER_APPICON_NAME = AppIcon;
				INFOPLIST_FILE = "眼力记忆力/Info.plist";
				LD_RUNPATH_SEARCH_PATHS = "$(inherited) @executable_path/Frameworks";
				PRODUCT_NAME = "$(TARGET_NAME)";
			};
			name = Debug;
		};
		BF5F36071B71BCF300D7407B /* Release */ = {
			isa = XCBuildConfiguration;
			buildSettings = {
				ASSETCATALOG_COMPILER_APPICON_NAME = AppIcon;
				INFOPLIST_FILE = "眼力记忆力/Info.plist";
				LD_RUNPATH_SEARCH_PATHS = "$(inherited) @executable_path/Frameworks";
				PRODUCT_NAME = "$(TARGET_NAME)";
			};
			name = Release;
		};
		BF5F36091B71BCF300D7407B /* Debug */ = {
			isa = XCBuildConfiguration;
			buildSettings = {
				BUNDLE_LOADER = "$(TEST_HOST)";
				FRAMEWORK_SEARCH_PATHS = (
					"$(SDKROOT)/Developer/Library/Frameworks",
					"$(inherited)",
				);
				GCC_PREPROCESSOR_DEFINITIONS = (
					"DEBUG=1",
					"$(inherited)",
				);
				INFOPLIST_FILE = "眼力记忆力Tests/Info.plist";
				LD_RUNPATH_SEARCH_PATHS = "$(inherited) @executable_path/Frameworks @loader_path/Frameworks";
				PRODUCT_NAME = "$(TARGET_NAME)";
				TEST_HOST = "$(BUILT_PRODUCTS_DIR)/眼力记忆力.app/眼力记忆力";
			};
			name = Debug;
		};
		BF5F360A1B71BCF300D7407B /* Release */ = {
			isa = XCBuildConfiguration;
			buildSettings = {
				BUNDLE_LOADER = "$(TEST_HOST)";
				FRAMEWORK_SEARCH_PATHS = (
					"$(SDKROOT)/Developer/Library/Frameworks",
					"$(inherited)",
				);
				INFOPLIST_FILE = "眼力记忆力Tests/Info.plist";
				LD_RUNPATH_SEARCH_PATHS = "$(inherited) @executable_path/Frameworks @loader_path/Frameworks";
				PRODUCT_NAME = "$(TARGET_NAME)";
				TEST_HOST = "$(BUILT_PRODUCTS_DIR)/眼力记忆力.app/眼力记忆力";
			};
			name = Release;
		};
/* End XCBuildConfiguration section */

/* Begin XCConfigurationList section */
		BF5F35DE1B71BCF300D7407B /* Build configuration list for PBXProject "眼力记忆力" */ = {
			isa = XCConfigurationList;
			buildConfigurations = (
				BF5F36031B71BCF300D7407B /* Debug */,
				BF5F36041B71BCF300D7407B /* Release */,
			);
			defaultConfigurationIsVisible = 0;
			defaultConfigurationName = Release;
		};
		BF5F36051B71BCF300D7407B /* Build configuration list for PBXNativeTarget "眼力记忆力" */ = {
			isa = XCConfigurationList;
			buildConfigurations = (
				BF5F36061B71BCF300D7407B /* Debug */,
				BF5F36071B71BCF300D7407B /* Release */,
			);
			defaultConfigurationIsVisible = 0;
		};
		BF5F36081B71BCF300D7407B /* Build configuration list for PBXNativeTarget "眼力记忆力Tests" */ = {
			isa = XCConfigurationList;
			buildConfigurations = (
				BF5F36091B71BCF300D7407B /* Debug */,
				BF5F360A1B71BCF300D7407B /* Release */,
			);
			defaultConfigurationIsVisible = 0;
		};
/* End XCConfigurationList section */

/* Begin XCVersionGroup section */
		BF5F35EA1B71BCF300D7407B /* _____.xcdatamodeld */ = {
			isa = XCVersionGroup;
			children = (
				BF5F35EB1B71BCF300D7407B /* _____.xcdatamodel */,
			);
			currentVersion = BF5F35EB1B71BCF300D7407B /* _____.xcdatamodel */;
			path = "_____.xcdatamodeld";
			sourceTree = "<group>";
			versionGroupType = wrapper.xcdatamodel;
		};
/* End XCVersionGroup section */
	};
	rootObject = BF5F35DB1B71BCF300D7407B /* Project object */;
}
